// !$*UTF8*$!
{
	archiveVersion = 1;
	classes = {
	};
	objectVersion = 46;
	objects = {

/* Begin PBXBuildFile section */
		85EF00011E65E61600C84BF7 /* AppDelegate.m in Sources */ = {isa = PBXBuildFile; fileRef = 85EF00001E65E61600C84BF7 /* AppDelegate.m */; };
		85EF00041E65E61600C84BF7 /* ViewController.m in Sources */ = {isa = PBXBuildFile; fileRef = 85EF00031E65E61600C84BF7 /* ViewController.m */; };
		85EF00071E65E61600C84BF7 /* Main.storyboard in Resources */ = {isa = PBXBuildFile; fileRef = 85EF00051E65E61600C84BF7 /* Main.storyboard */; };
		85EF00091E65E61600C84BF7 /* Assets.xcassets in Resources */ = {isa = PBXBuildFile; fileRef = 85EF00081E65E61600C84BF7 /* Assets.xcassets */; };
		85EF000C1E65E61600C84BF7 /* LaunchScreen.storyboard in Resources */ = {isa = PBXBuildFile; fileRef = 85EF000A1E65E61600C84BF7 /* LaunchScreen.storyboard */; };
		85EF00171E65E61600C84BF7 /* ZHPopMenuViewDemoTests.m in Sources */ = {isa = PBXBuildFile; fileRef = 85EF00161E65E61600C84BF7 /* ZHPopMenuViewDemoTests.m */; };
		85EF00221E65E61600C84BF7 /* ZHPopMenuViewDemoUITests.m in Sources */ = {isa = PBXBuildFile; fileRef = 85EF00211E65E61600C84BF7 /* ZHPopMenuViewDemoUITests.m */; };
		85EF00341E65E66900C84BF7 /* ZHPopMenu.m in Sources */ = {isa = PBXBuildFile; fileRef = 85EF00311E65E66900C84BF7 /* ZHPopMenu.m */; };
		85EF00351E65E66900C84BF7 /* ZHPopMenuItem.m in Sources */ = {isa = PBXBuildFile; fileRef = 85EF00331E65E66900C84BF7 /* ZHPopMenuItem.m */; };
		85EF003B1E65E97200C84BF7 /* 1@2x.png in Resources */ = {isa = PBXBuildFile; fileRef = 85EF00371E65E97200C84BF7 /* 1@2x.png */; };
		85EF003C1E65E97200C84BF7 /* 2@2x.png in Resources */ = {isa = PBXBuildFile; fileRef = 85EF00381E65E97200C84BF7 /* 2@2x.png */; };
		85EF003D1E65E97200C84BF7 /* 3@2x.png in Resources */ = {isa = PBXBuildFile; fileRef = 85EF00391E65E97200C84BF7 /* 3@2x.png */; };
		85EF003E1E65E97200C84BF7 /* 4@2x.png in Resources */ = {isa = PBXBuildFile; fileRef = 85EF003A1E65E97200C84BF7 /* 4@2x.png */; };
		85EF005B1E65EB2E00C84BF7 /* Info.plist in Resources */ = {isa = PBXBuildFile; fileRef = 85EF00411E65EB2E00C84BF7 /* Info.plist */; };
		85EF005C1E65EB2E00C84BF7 /* MASCompositeConstraint.m in Sources */ = {isa = PBXBuildFile; fileRef = 85EF00431E65EB2E00C84BF7 /* MASCompositeConstraint.m */; };
		85EF005D1E65EB2E00C84BF7 /* MASConstraint.m in Sources */ = {isa = PBXBuildFile; fileRef = 85EF00461E65EB2E00C84BF7 /* MASConstraint.m */; };
		85EF005E1E65EB2E00C84BF7 /* MASConstraintMaker.m in Sources */ = {isa = PBXBuildFile; fileRef = 85EF00481E65EB2E00C84BF7 /* MASConstraintMaker.m */; };
		85EF005F1E65EB2E00C84BF7 /* MASLayoutConstraint.m in Sources */ = {isa = PBXBuildFile; fileRef = 85EF004A1E65EB2E00C84BF7 /* MASLayoutConstraint.m */; };
		85EF00601E65EB2E00C84BF7 /* MASViewAttribute.m in Sources */ = {isa = PBXBuildFile; fileRef = 85EF004E1E65EB2E00C84BF7 /* MASViewAttribute.m */; };
		85EF00611E65EB2E00C84BF7 /* MASViewConstraint.m in Sources */ = {isa = PBXBuildFile; fileRef = 85EF00501E65EB2E00C84BF7 /* MASViewConstraint.m */; };
		85EF00621E65EB2E00C84BF7 /* NSArray+MASAdditions.m in Sources */ = {isa = PBXBuildFile; fileRef = 85EF00521E65EB2E00C84BF7 /* NSArray+MASAdditions.m */; };
		85EF00631E65EB2E00C84BF7 /* NSLayoutConstraint+MASDebugAdditions.m in Sources */ = {isa = PBXBuildFile; fileRef = 85EF00551E65EB2E00C84BF7 /* NSLayoutConstraint+MASDebugAdditions.m */; };
		85EF00641E65EB2E00C84BF7 /* View+MASAdditions.m in Sources */ = {isa = PBXBuildFile; fileRef = 85EF00571E65EB2E00C84BF7 /* View+MASAdditions.m */; };
		85EF00651E65EB2E00C84BF7 /* ViewController+MASAdditions.m in Sources */ = {isa = PBXBuildFile; fileRef = 85EF005A1E65EB2E00C84BF7 /* ViewController+MASAdditions.m */; };
		85EFFFFE1E65E61600C84BF7 /* main.m in Sources */ = {isa = PBXBuildFile; fileRef = 85EFFFFD1E65E61600C84BF7 /* main.m */; };
/* End PBXBuildFile section */

/* Begin PBXContainerItemProxy section */
		85EF00131E65E61600C84BF7 /* PBXContainerItemProxy */ = {
			isa = PBXContainerItemProxy;
			containerPortal = 85EFFFF11E65E61600C84BF7 /* Project object */;
			proxyType = 1;
			remoteGlobalIDString = 85EFFFF81E65E61600C84BF7;
			remoteInfo = ZHPopMenuViewDemo;
		};
		85EF001E1E65E61600C84BF7 /* PBXContainerItemProxy */ = {
			isa = PBXContainerItemProxy;
			containerPortal = 85EFFFF11E65E61600C84BF7 /* Project object */;
			proxyType = 1;
			remoteGlobalIDString = 85EFFFF81E65E61600C84BF7;
			remoteInfo = ZHPopMenuViewDemo;
		};
/* End PBXContainerItemProxy section */

/* Begin PBXFileReference section */
		85EF00001E65E61600C84BF7 /* AppDelegate.m */ = {isa = PBXFileReference; lastKnownFileType = sourcecode.c.objc; path = AppDelegate.m; sourceTree = "<group>"; };
		85EF00021E65E61600C84BF7 /* ViewController.h */ = {isa = PBXFileReference; lastKnownFileType = sourcecode.c.h; path = ViewController.h; sourceTree = "<group>"; };
		85EF00031E65E61600C84BF7 /* ViewController.m */ = {isa = PBXFileReference; lastKnownFileType = sourcecode.c.objc; path = ViewController.m; sourceTree = "<group>"; };
		85EF00061E65E61600C84BF7 /* Base */ = {isa = PBXFileReference; lastKnownFileType = file.storyboard; name = Base; path = Base.lproj/Main.storyboard; sourceTree = "<group>"; };
		85EF00081E65E61600C84BF7 /* Assets.xcassets */ = {isa = PBXFileReference; lastKnownFileType = folder.assetcatalog; path = Assets.xcassets; sourceTree = "<group>"; };
		85EF000B1E65E61600C84BF7 /* Base */ = {isa = PBXFileReference; lastKnownFileType = file.storyboard; name = Base; path = Base.lproj/LaunchScreen.storyboard; sourceTree = "<group>"; };
		85EF000D1E65E61600C84BF7 /* Info.plist */ = {isa = PBXFileReference; lastKnownFileType = text.plist.xml; path = Info.plist; sourceTree = "<group>"; };
		85EF00121E65E61600C84BF7 /* ZHPopMenuViewDemoTests.xctest */ = {isa = PBXFileReference; explicitFileType = wrapper.cfbundle; includeInIndex = 0; path = ZHPopMenuViewDemoTests.xctest; sourceTree = BUILT_PRODUCTS_DIR; };
		85EF00161E65E61600C84BF7 /* ZHPopMenuViewDemoTests.m */ = {isa = PBXFileReference; lastKnownFileType = sourcecode.c.objc; path = ZHPopMenuViewDemoTests.m; sourceTree = "<group>"; };
		85EF00181E65E61600C84BF7 /* Info.plist */ = {isa = PBXFileReference; lastKnownFileType = text.plist.xml; path = Info.plist; sourceTree = "<group>"; };
		85EF001D1E65E61600C84BF7 /* ZHPopMenuViewDemoUITests.xctest */ = {isa = PBXFileReference; explicitFileType = wrapper.cfbundle; includeInIndex = 0; path = ZHPopMenuViewDemoUITests.xctest; sourceTree = BUILT_PRODUCTS_DIR; };
		85EF00211E65E61600C84BF7 /* ZHPopMenuViewDemoUITests.m */ = {isa = PBXFileReference; lastKnownFileType = sourcecode.c.objc; path = ZHPopMenuViewDemoUITests.m; sourceTree = "<group>"; };
		85EF00231E65E61600C84BF7 /* Info.plist */ = {isa = PBXFileReference; lastKnownFileType = text.plist.xml; path = Info.plist; sourceTree = "<group>"; };
		85EF00301E65E66900C84BF7 /* ZHPopMenu.h */ = {isa = PBXFileReference; fileEncoding = 4; lastKnownFileType = sourcecode.c.h; path = ZHPopMenu.h; sourceTree = "<group>"; };
		85EF00311E65E66900C84BF7 /* ZHPopMenu.m */ = {isa = PBXFileReference; fileEncoding = 4; lastKnownFileType = sourcecode.c.objc; path = ZHPopMenu.m; sourceTree = "<group>"; };
		85EF00321E65E66900C84BF7 /* ZHPopMenuItem.h */ = {isa = PBXFileReference; fileEncoding = 4; lastKnownFileType = sourcecode.c.h; path = ZHPopMenuItem.h; sourceTree = "<group>"; };
		85EF00331E65E66900C84BF7 /* ZHPopMenuItem.m */ = {isa = PBXFileReference; fileEncoding = 4; lastKnownFileType = sourcecode.c.objc; path = ZHPopMenuItem.m; sourceTree = "<group>"; };
		85EF00371E65E97200C84BF7 /* 1@2x.png */ = {isa = PBXFileReference; lastKnownFileType = image.png; path = "1@2x.png"; sourceTree = "<group>"; };
		85EF00381E65E97200C84BF7 /* 2@2x.png */ = {isa = PBXFileReference; lastKnownFileType = image.png; path = "2@2x.png"; sourceTree = "<group>"; };
		85EF00391E65E97200C84BF7 /* 3@2x.png */ = {isa = PBXFileReference; lastKnownFileType = image.png; path = "3@2x.png"; sourceTree = "<group>"; };
		85EF003A1E65E97200C84BF7 /* 4@2x.png */ = {isa = PBXFileReference; lastKnownFileType = image.png; path = "4@2x.png"; sourceTree = "<group>"; };
		85EF00411E65EB2E00C84BF7 /* Info.plist */ = {isa = PBXFileReference; fileEncoding = 4; lastKnownFileType = text.plist.xml; path = Info.plist; sourceTree = "<group>"; };
		85EF00421E65EB2E00C84BF7 /* MASCompositeConstraint.h */ = {isa = PBXFileReference; fileEncoding = 4; lastKnownFileType = sourcecode.c.h; path = MASCompositeConstraint.h; sourceTree = "<group>"; };
		85EF00431E65EB2E00C84BF7 /* MASCompositeConstraint.m */ = {isa = PBXFileReference; fileEncoding = 4; lastKnownFileType = sourcecode.c.objc; path = MASCompositeConstraint.m; sourceTree = "<group>"; };
		85EF00441E65EB2E00C84BF7 /* MASConstraint+Private.h */ = {isa = PBXFileReference; fileEncoding = 4; lastKnownFileType = sourcecode.c.h; path = "MASConstraint+Private.h"; sourceTree = "<group>"; };
		85EF00451E65EB2E00C84BF7 /* MASConstraint.h */ = {isa = PBXFileReference; fileEncoding = 4; lastKnownFileType = sourcecode.c.h; path = MASConstraint.h; sourceTree = "<group>"; };
		85EF00461E65EB2E00C84BF7 /* MASConstraint.m */ = {isa = PBXFileReference; fileEncoding = 4; lastKnownFileType = sourcecode.c.objc; path = MASConstraint.m; sourceTree = "<group>"; };
		85EF00471E65EB2E00C84BF7 /* MASConstraintMaker.h */ = {isa = PBXFileReference; fileEncoding = 4; lastKnownFileType = sourcecode.c.h; path = MASConstraintMaker.h; sourceTree = "<group>"; };
		85EF00481E65EB2E00C84BF7 /* MASConstraintMaker.m */ = {isa = PBXFileReference; fileEncoding = 4; lastKnownFileType = sourcecode.c.objc; path = MASConstraintMaker.m; sourceTree = "<group>"; };
		85EF00491E65EB2E00C84BF7 /* MASLayoutConstraint.h */ = {isa = PBXFileReference; fileEncoding = 4; lastKnownFileType = sourcecode.c.h; path = MASLayoutConstraint.h; sourceTree = "<group>"; };
		85EF004A1E65EB2E00C84BF7 /* MASLayoutConstraint.m */ = {isa = PBXFileReference; fileEncoding = 4; lastKnownFileType = sourcecode.c.objc; path = MASLayoutConstraint.m; sourceTree = "<group>"; };
		85EF004B1E65EB2E00C84BF7 /* Masonry.h */ = {isa = PBXFileReference; fileEncoding = 4; lastKnownFileType = sourcecode.c.h; path = Masonry.h; sourceTree = "<group>"; };
		85EF004C1E65EB2E00C84BF7 /* MASUtilities.h */ = {isa = PBXFileReference; fileEncoding = 4; lastKnownFileType = sourcecode.c.h; path = MASUtilities.h; sourceTree = "<group>"; };
		85EF004D1E65EB2E00C84BF7 /* MASViewAttribute.h */ = {isa = PBXFileReference; fileEncoding = 4; lastKnownFileType = sourcecode.c.h; path = MASViewAttribute.h; sourceTree = "<group>"; };
		85EF004E1E65EB2E00C84BF7 /* MASViewAttribute.m */ = {isa = PBXFileReference; fileEncoding = 4; lastKnownFileType = sourcecode.c.objc; path = MASViewAttribute.m; sourceTree = "<group>"; };
		85EF004F1E65EB2E00C84BF7 /* MASViewConstraint.h */ = {isa = PBXFileReference; fileEncoding = 4; lastKnownFileType = sourcecode.c.h; path = MASViewConstraint.h; sourceTree = "<group>"; };
		85EF00501E65EB2E00C84BF7 /* MASViewConstraint.m */ = {isa = PBXFileReference; fileEncoding = 4; lastKnownFileType = sourcecode.c.objc; path = MASViewConstraint.m; sourceTree = "<group>"; };
		85EF00511E65EB2E00C84BF7 /* NSArray+MASAdditions.h */ = {isa = PBXFileReference; fileEncoding = 4; lastKnownFileType = sourcecode.c.h; path = "NSArray+MASAdditions.h"; sourceTree = "<group>"; };
		85EF00521E65EB2E00C84BF7 /* NSArray+MASAdditions.m */ = {isa = PBXFileReference; fileEncoding = 4; lastKnownFileType = sourcecode.c.objc; path = "NSArray+MASAdditions.m"; sourceTree = "<group>"; };
		85EF00531E65EB2E00C84BF7 /* NSArray+MASShorthandAdditions.h */ = {isa = PBXFileReference; fileEncoding = 4; lastKnownFileType = sourcecode.c.h; path = "NSArray+MASShorthandAdditions.h"; sourceTree = "<group>"; };
		85EF00541E65EB2E00C84BF7 /* NSLayoutConstraint+MASDebugAdditions.h */ = {isa = PBXFileReference; fileEncoding = 4; lastKnownFileType = sourcecode.c.h; path = "NSLayoutConstraint+MASDebugAdditions.h"; sourceTree = "<group>"; };
		85EF00551E65EB2E00C84BF7 /* NSLayoutConstraint+MASDebugAdditions.m */ = {isa = PBXFileReference; fileEncoding = 4; lastKnownFileType = sourcecode.c.objc; path = "NSLayoutConstraint+MASDebugAdditions.m"; sourceTree = "<group>"; };
		85EF00561E65EB2E00C84BF7 /* View+MASAdditions.h */ = {isa = PBXFileReference; fileEncoding = 4; lastKnownFileType = sourcecode.c.h; path = "View+MASAdditions.h"; sourceTree = "<group>"; };
		85EF00571E65EB2E00C84BF7 /* View+MASAdditions.m */ = {isa = PBXFileReference; fileEncoding = 4; lastKnownFileType = sourcecode.c.objc; path = "View+MASAdditions.m"; sourceTree = "<group>"; };
		85EF00581E65EB2E00C84BF7 /* View+MASShorthandAdditions.h */ = {isa = PBXFileReference; fileEncoding = 4; lastKnownFileType = sourcecode.c.h; path = "View+MASShorthandAdditions.h"; sourceTree = "<group>"; };
		85EF00591E65EB2E00C84BF7 /* ViewController+MASAdditions.h */ = {isa = PBXFileReference; fileEncoding = 4; lastKnownFileType = sourcecode.c.h; path = "ViewController+MASAdditions.h"; sourceTree = "<group>"; };
		85EF005A1E65EB2E00C84BF7 /* ViewController+MASAdditions.m */ = {isa = PBXFileReference; fileEncoding = 4; lastKnownFileType = sourcecode.c.objc; path = "ViewController+MASAdditions.m"; sourceTree = "<group>"; };
		85EFFFF91E65E61600C84BF7 /* ZHPopMenuViewDemo.app */ = {isa = PBXFileReference; explicitFileType = wrapper.application; includeInIndex = 0; path = ZHPopMenuViewDemo.app; sourceTree = BUILT_PRODUCTS_DIR; };
		85EFFFFD1E65E61600C84BF7 /* main.m */ = {isa = PBXFileReference; lastKnownFileType = sourcecode.c.objc; path = main.m; sourceTree = "<group>"; };
		85EFFFFF1E65E61600C84BF7 /* AppDelegate.h */ = {isa = PBXFileReference; lastKnownFileType = sourcecode.c.h; path = AppDelegate.h; sourceTree = "<group>"; };
/* End PBXFileReference section */

/* Begin PBXFrameworksBuildPhase section */
		85EF000F1E65E61600C84BF7 /* Frameworks */ = {
			isa = PBXFrameworksBuildPhase;
			buildActionMask = 2147483647;
			files = (
			);
			runOnlyForDeploymentPostprocessing = 0;
		};
		85EF001A1E65E61600C84BF7 /* Frameworks */ = {
			isa = PBXFrameworksBuildPhase;
			buildActionMask = 2147483647;
			files = (
			);
			runOnlyForDeploymentPostprocessing = 0;
		};
		85EFFFF61E65E61600C84BF7 /* Frameworks */ = {
			isa = PBXFrameworksBuildPhase;
			buildActionMask = 2147483647;
			files = (
			);
			runOnlyForDeploymentPostprocessing = 0;
		};
/* End PBXFrameworksBuildPhase section */

/* Begin PBXGroup section */
		85EF00151E65E61600C84BF7 /* ZHPopMenuViewDemoTests */ = {
			isa = PBXGroup;
			children = (
				85EF00161E65E61600C84BF7 /* ZHPopMenuViewDemoTests.m */,
				85EF00181E65E61600C84BF7 /* Info.plist */,
			);
			path = ZHPopMenuViewDemoTests;
			sourceTree = "<group>";
		};
		85EF00201E65E61600C84BF7 /* ZHPopMenuViewDemoUITests */ = {
			isa = PBXGroup;
			children = (
				85EF00211E65E61600C84BF7 /* ZHPopMenuViewDemoUITests.m */,
				85EF00231E65E61600C84BF7 /* Info.plist */,
			);
			path = ZHPopMenuViewDemoUITests;
			sourceTree = "<group>";
		};
		85EF002F1E65E66900C84BF7 /* Classes */ = {
			isa = PBXGroup;
			children = (
				85EF00301E65E66900C84BF7 /* ZHPopMenu.h */,
				85EF00311E65E66900C84BF7 /* ZHPopMenu.m */,
				85EF00321E65E66900C84BF7 /* ZHPopMenuItem.h */,
				85EF00331E65E66900C84BF7 /* ZHPopMenuItem.m */,
			);
			name = Classes;
			path = ZHPopMenuViewDemo/Classes;
			sourceTree = "<group>";
		};
		85EF00361E65E97200C84BF7 /* Resources */ = {
			isa = PBXGroup;
			children = (
				85EF00371E65E97200C84BF7 /* 1@2x.png */,
				85EF00381E65E97200C84BF7 /* 2@2x.png */,
				85EF00391E65E97200C84BF7 /* 3@2x.png */,
				85EF003A1E65E97200C84BF7 /* 4@2x.png */,
			);
			path = Resources;
			sourceTree = "<group>";
		};
		85EF003F1E65EB2600C84BF7 /* Vendor */ = {
			isa = PBXGroup;
			children = (
				85EF00401E65EB2E00C84BF7 /* Masonry */,
			);
			name = Vendor;
			path = ZHPopMenuViewDemo/Vendor;
			sourceTree = "<group>";
		};
		85EF00401E65EB2E00C84BF7 /* Masonry */ = {
			isa = PBXGroup;
			children = (
				85EF00411E65EB2E00C84BF7 /* Info.plist */,
				85EF00421E65EB2E00C84BF7 /* MASCompositeConstraint.h */,
				85EF00431E65EB2E00C84BF7 /* MASCompositeConstraint.m */,
				85EF00441E65EB2E00C84BF7 /* MASConstraint+Private.h */,
				85EF00451E65EB2E00C84BF7 /* MASConstraint.h */,
				85EF00461E65EB2E00C84BF7 /* MASConstraint.m */,
				85EF00471E65EB2E00C84BF7 /* MASConstraintMaker.h */,
				85EF00481E65EB2E00C84BF7 /* MASConstraintMaker.m */,
				85EF00491E65EB2E00C84BF7 /* MASLayoutConstraint.h */,
				85EF004A1E65EB2E00C84BF7 /* MASLayoutConstraint.m */,
				85EF004B1E65EB2E00C84BF7 /* Masonry.h */,
				85EF004C1E65EB2E00C84BF7 /* MASUtilities.h */,
				85EF004D1E65EB2E00C84BF7 /* MASViewAttribute.h */,
				85EF004E1E65EB2E00C84BF7 /* MASViewAttribute.m */,
				85EF004F1E65EB2E00C84BF7 /* MASViewConstraint.h */,
				85EF00501E65EB2E00C84BF7 /* MASViewConstraint.m */,
				85EF00511E65EB2E00C84BF7 /* NSArray+MASAdditions.h */,
				85EF00521E65EB2E00C84BF7 /* NSArray+MASAdditions.m */,
				85EF00531E65EB2E00C84BF7 /* NSArray+MASShorthandAdditions.h */,
				85EF00541E65EB2E00C84BF7 /* NSLayoutConstraint+MASDebugAdditions.h */,
				85EF00551E65EB2E00C84BF7 /* NSLayoutConstraint+MASDebugAdditions.m */,
				85EF00561E65EB2E00C84BF7 /* View+MASAdditions.h */,
				85EF00571E65EB2E00C84BF7 /* View+MASAdditions.m */,
				85EF00581E65EB2E00C84BF7 /* View+MASShorthandAdditions.h */,
				85EF00591E65EB2E00C84BF7 /* ViewController+MASAdditions.h */,
				85EF005A1E65EB2E00C84BF7 /* ViewController+MASAdditions.m */,
			);
			path = Masonry;
			sourceTree = "<group>";
		};
		85EFFFF01E65E61600C84BF7 = {
			isa = PBXGroup;
			children = (
				85EF003F1E65EB2600C84BF7 /* Vendor */,
				85EF00361E65E97200C84BF7 /* Resources */,
				85EF002F1E65E66900C84BF7 /* Classes */,
				85EFFFFB1E65E61600C84BF7 /* ZHPopMenuViewDemo */,
				85EF00151E65E61600C84BF7 /* ZHPopMenuViewDemoTests */,
				85EF00201E65E61600C84BF7 /* ZHPopMenuViewDemoUITests */,
				85EFFFFA1E65E61600C84BF7 /* Products */,
			);
			sourceTree = "<group>";
		};
		85EFFFFA1E65E61600C84BF7 /* Products */ = {
			isa = PBXGroup;
			children = (
				85EFFFF91E65E61600C84BF7 /* ZHPopMenuViewDemo.app */,
				85EF00121E65E61600C84BF7 /* ZHPopMenuViewDemoTests.xctest */,
				85EF001D1E65E61600C84BF7 /* ZHPopMenuViewDemoUITests.xctest */,
			);
			name = Products;
			sourceTree = "<group>";
		};
		85EFFFFB1E65E61600C84BF7 /* ZHPopMenuViewDemo */ = {
			isa = PBXGroup;
			children = (
				85EFFFFF1E65E61600C84BF7 /* AppDelegate.h */,
				85EF00001E65E61600C84BF7 /* AppDelegate.m */,
				85EF00021E65E61600C84BF7 /* ViewController.h */,
				85EF00031E65E61600C84BF7 /* ViewController.m */,
				85EF00051E65E61600C84BF7 /* Main.storyboard */,
				85EF00081E65E61600C84BF7 /* Assets.xcassets */,
				85EF000A1E65E61600C84BF7 /* LaunchScreen.storyboard */,
				85EF000D1E65E61600C84BF7 /* Info.plist */,
				85EFFFFC1E65E61600C84BF7 /* Supporting Files */,
			);
			path = ZHPopMenuViewDemo;
			sourceTree = "<group>";
		};
		85EFFFFC1E65E61600C84BF7 /* Supporting Files */ = {
			isa = PBXGroup;
			children = (
				85EFFFFD1E65E61600C84BF7 /* main.m */,
			);
			name = "Supporting Files";
			sourceTree = "<group>";
		};
/* End PBXGroup section */

/* Begin PBXNativeTarget section */
		85EF00111E65E61600C84BF7 /* ZHPopMenuViewDemoTests */ = {
			isa = PBXNativeTarget;
			buildConfigurationList = 85EF00291E65E61600C84BF7 /* Build configuration list for PBXNativeTarget "ZHPopMenuViewDemoTests" */;
			buildPhases = (
				85EF000E1E65E61600C84BF7 /* Sources */,
				85EF000F1E65E61600C84BF7 /* Frameworks */,
				85EF00101E65E61600C84BF7 /* Resources */,
			);
			buildRules = (
			);
			dependencies = (
				85EF00141E65E61600C84BF7 /* PBXTargetDependency */,
			);
			name = ZHPopMenuViewDemoTests;
			productName = ZHPopMenuViewDemoTests;
			productReference = 85EF00121E65E61600C84BF7 /* ZHPopMenuViewDemoTests.xctest */;
			productType = "com.apple.product-type.bundle.unit-test";
		};
		85EF001C1E65E61600C84BF7 /* ZHPopMenuViewDemoUITests */ = {
			isa = PBXNativeTarget;
			buildConfigurationList = 85EF002C1E65E61600C84BF7 /* Build configuration list for PBXNativeTarget "ZHPopMenuViewDemoUITests" */;
			buildPhases = (
				85EF00191E65E61600C84BF7 /* Sources */,
				85EF001A1E65E61600C84BF7 /* Frameworks */,
				85EF001B1E65E61600C84BF7 /* Resources */,
			);
			buildRules = (
			);
			dependencies = (
				85EF001F1E65E61600C84BF7 /* PBXTargetDependency */,
			);
			name = ZHPopMenuViewDemoUITests;
			productName = ZHPopMenuViewDemoUITests;
			productReference = 85EF001D1E65E61600C84BF7 /* ZHPopMenuViewDemoUITests.xctest */;
			productType = "com.apple.product-type.bundle.ui-testing";
		};
		85EFFFF81E65E61600C84BF7 /* ZHPopMenuViewDemo */ = {
			isa = PBXNativeTarget;
			buildConfigurationList = 85EF00261E65E61600C84BF7 /* Build configuration list for PBXNativeTarget "ZHPopMenuViewDemo" */;
			buildPhases = (
				85EFFFF51E65E61600C84BF7 /* Sources */,
				85EFFFF61E65E61600C84BF7 /* Frameworks */,
				85EFFFF71E65E61600C84BF7 /* Resources */,
			);
			buildRules = (
			);
			dependencies = (
			);
			name = ZHPopMenuViewDemo;
			productName = ZHPopMenuViewDemo;
			productReference = 85EFFFF91E65E61600C84BF7 /* ZHPopMenuViewDemo.app */;
			productType = "com.apple.product-type.application";
		};
/* End PBXNativeTarget section */

/* Begin PBXProject section */
		85EFFFF11E65E61600C84BF7 /* Project object */ = {
			isa = PBXProject;
			attributes = {
				LastUpgradeCheck = 0820;
				ORGANIZATIONNAME = Babr2;
				TargetAttributes = {
					85EF00111E65E61600C84BF7 = {
						CreatedOnToolsVersion = 8.2;
						DevelopmentTeam = 4RM8PCALL7;
						ProvisioningStyle = Automatic;
						TestTargetID = 85EFFFF81E65E61600C84BF7;
					};
					85EF001C1E65E61600C84BF7 = {
						CreatedOnToolsVersion = 8.2;
						DevelopmentTeam = 4RM8PCALL7;
						ProvisioningStyle = Automatic;
						TestTargetID = 85EFFFF81E65E61600C84BF7;
					};
					85EFFFF81E65E61600C84BF7 = {
						CreatedOnToolsVersion = 8.2;
						DevelopmentTeam = 4RM8PCALL7;
						ProvisioningStyle = Automatic;
					};
				};
			};
			buildConfigurationList = 85EFFFF41E65E61600C84BF7 /* Build configuration list for PBXProject "ZHPopMenuViewDemo" */;
			compatibilityVersion = "Xcode 3.2";
			developmentRegion = English;
			hasScannedForEncodings = 0;
			knownRegions = (
				en,
				Base,
			);
			mainGroup = 85EFFFF01E65E61600C84BF7;
			productRefGroup = 85EFFFFA1E65E61600C84BF7 /* Products */;
			projectDirPath = "";
			projectRoot = "";
			targets = (
				85EFFFF81E65E61600C84BF7 /* ZHPopMenuViewDemo */,
				85EF00111E65E61600C84BF7 /* ZHPopMenuViewDemoTests */,
				85EF001C1E65E61600C84BF7 /* ZHPopMenuViewDemoUITests */,
			);
		};
/* End PBXProject section */

/* Begin PBXResourcesBuildPhase section */
		85EF00101E65E61600C84BF7 /* Resources */ = {
			isa = PBXResourcesBuildPhase;
			buildActionMask = 2147483647;
			files = (
			);
			runOnlyForDeploymentPostprocessing = 0;
		};
		85EF001B1E65E61600C84BF7 /* Resources */ = {
			isa = PBXResourcesBuildPhase;
			buildActionMask = 2147483647;
			files = (
			);
			runOnlyForDeploymentPostprocessing = 0;
		};
		85EFFFF71E65E61600C84BF7 /* Resources */ = {
			isa = PBXResourcesBuildPhase;
			buildActionMask = 2147483647;
			files = (
				85EF005B1E65EB2E00C84BF7 /* Info.plist in Resources */,
				85EF003D1E65E97200C84BF7 /* 3@2x.png in Resources */,
				85EF003E1E65E97200C84BF7 /* 4@2x.png in Resources */,
				85EF000C1E65E61600C84BF7 /* LaunchScreen.storyboard in Resources */,
				85EF00091E65E61600C84BF7 /* Assets.xcassets in Resources */,
				85EF003C1E65E97200C84BF7 /* 2@2x.png in Resources */,
				85EF003B1E65E97200C84BF7 /* 1@2x.png in Resources */,
				85EF00071E65E61600C84BF7 /* Main.storyboard in Resources */,
			);
			runOnlyForDeploymentPostprocessing = 0;
		};
/* End PBXResourcesBuildPhase section */

/* Begin PBXSourcesBuildPhase section */
		85EF000E1E65E61600C84BF7 /* Sources */ = {
			isa = PBXSourcesBuildPhase;
			buildActionMask = 2147483647;
			files = (
				85EF00171E65E61600C84BF7 /* ZHPopMenuViewDemoTests.m in Sources */,
			);
			runOnlyForDeploymentPostprocessing = 0;
		};
		85EF00191E65E61600C84BF7 /* Sources */ = {
			isa = PBXSourcesBuildPhase;
			buildActionMask = 2147483647;
			files = (
				85EF00221E65E61600C84BF7 /* ZHPopMenuViewDemoUITests.m in Sources */,
			);
			runOnlyForDeploymentPostprocessing = 0;
		};
		85EFFFF51E65E61600C84BF7 /* Sources */ = {
			isa = PBXSourcesBuildPhase;
			buildActionMask = 2147483647;
			files = (
				85EF00631E65EB2E00C84BF7 /* NSLayoutConstraint+MASDebugAdditions.m in Sources */,
				85EF00341E65E66900C84BF7 /* ZHPopMenu.m in Sources */,
				85EF00611E65EB2E00C84BF7 /* MASViewConstraint.m in Sources */,
				85EF00351E65E66900C84BF7 /* ZHPopMenuItem.m in Sources */,
				85EF00041E65E61600C84BF7 /* ViewController.m in Sources */,
				85EF00011E65E61600C84BF7 /* AppDelegate.m in Sources */,
				85EF00641E65EB2E00C84BF7 /* View+MASAdditions.m in Sources */,
				85EF005C1E65EB2E00C84BF7 /* MASCompositeConstraint.m in Sources */,
				85EF00601E65EB2E00C84BF7 /* MASViewAttribute.m in Sources */,
				85EF005E1E65EB2E00C84BF7 /* MASConstraintMaker.m in Sources */,
				85EF00621E65EB2E00C84BF7 /* NSArray+MASAdditions.m in Sources */,
				85EF00651E65EB2E00C84BF7 /* ViewController+MASAdditions.m in Sources */,
				85EF005D1E65EB2E00C84BF7 /* MASConstraint.m in Sources */,
				85EF005F1E65EB2E00C84BF7 /* MASLayoutConstraint.m in Sources */,
				85EFFFFE1E65E61600C84BF7 /* main.m in Sources */,
			);
			runOnlyForDeploymentPostprocessing = 0;
		};
/* End PBXSourcesBuildPhase section */

/* Begin PBXTargetDependency section */
		85EF00141E65E61600C84BF7 /* PBXTargetDependency */ = {
			isa = PBXTargetDependency;
			target = 85EFFFF81E65E61600C84BF7 /* ZHPopMenuViewDemo */;
			targetProxy = 85EF00131E65E61600C84BF7 /* PBXContainerItemProxy */;
		};
		85EF001F1E65E61600C84BF7 /* PBXTargetDependency */ = {
			isa = PBXTargetDependency;
			target = 85EFFFF81E65E61600C84BF7 /* ZHPopMenuViewDemo */;
			targetProxy = 85EF001E1E65E61600C84BF7 /* PBXContainerItemProxy */;
		};
/* End PBXTargetDependency section */

/* Begin PBXVariantGroup section */
		85EF00051E65E61600C84BF7 /* Main.storyboard */ = {
			isa = PBXVariantGroup;
			children = (
				85EF00061E65E61600C84BF7 /* Base */,
			);
			name = Main.storyboard;
			sourceTree = "<group>";
		};
		85EF000A1E65E61600C84BF7 /* LaunchScreen.storyboard */ = {
			isa = PBXVariantGroup;
			children = (
				85EF000B1E65E61600C84BF7 /* Base */,
			);
			name = LaunchScreen.storyboard;
			sourceTree = "<group>";
		};
/* End PBXVariantGroup section */

/* Begin XCBuildConfiguration section */
		85EF00241E65E61600C84BF7 /* Debug */ = {
			isa = XCBuildConfiguration;
			buildSettings = {
				ALWAYS_SEARCH_USER_PATHS = NO;
				CLANG_ANALYZER_NONNULL = YES;
				CLANG_CXX_LANGUAGE_STANDARD = "gnu++0x";
				CLANG_CXX_LIBRARY = "libc++";
				CLANG_ENABLE_MODULES = YES;
				CLANG_ENABLE_OBJC_ARC = YES;
				CLANG_WARN_BOOL_CONVERSION = YES;
				CLANG_WARN_CONSTANT_CONVERSION = YES;
				CLANG_WARN_DIRECT_OBJC_ISA_USAGE = YES_ERROR;
				CLANG_WARN_DOCUMENTATION_COMMENTS = YES;
				CLANG_WARN_EMPTY_BODY = YES;
				CLANG_WARN_ENUM_CONVERSION = YES;
				CLANG_WARN_INFINITE_RECURSION = YES;
				CLANG_WARN_INT_CONVERSION = YES;
				CLANG_WARN_OBJC_ROOT_CLASS = YES_ERROR;
				CLANG_WARN_SUSPICIOUS_MOVE = YES;
				CLANG_WARN_UNREACHABLE_CODE = YES;
				CLANG_WARN__DUPLICATE_METHOD_MATCH = YES;
				"CODE_SIGN_IDENTITY[sdk=iphoneos*]" = "iPhone Developer";
				COPY_PHASE_STRIP = NO;
				DEBUG_INFORMATION_FORMAT = dwarf;
				ENABLE_STRICT_OBJC_MSGSEND = YES;
				ENABLE_TESTABILITY = YES;
				GCC_C_LANGUAGE_STANDARD = gnu99;
				GCC_DYNAMIC_NO_PIC = NO;
				GCC_NO_COMMON_BLOCKS = YES;
				GCC_OPTIMIZATION_LEVEL = 0;
				GCC_PREPROCESSOR_DEFINITIONS = (
					"DEBUG=1",
					"$(inherited)",
				);
				GCC_WARN_64_TO_32_BIT_CONVERSION = YES;
				GCC_WARN_ABOUT_RETURN_TYPE = YES_ERROR;
				GCC_WARN_UNDECLARED_SELECTOR = YES;
				GCC_WARN_UNINITIALIZED_AUTOS = YES_AGGRESSIVE;
				GCC_WARN_UNUSED_FUNCTION = YES;
				GCC_WARN_UNUSED_VARIABLE = YES;
				IPHONEOS_DEPLOYMENT_TARGET = 10.2;
				MTL_ENABLE_DEBUG_INFO = YES;
				ONLY_ACTIVE_ARCH = YES;
				SDKROOT = iphoneos;
				TARGETED_DEVICE_FAMILY = "1,2";
			};
			name = Debug;
		};
		85EF00251E65E61600C84BF7 /* Release */ = {
			isa = XCBuildConfiguration;
			buildSettings = {
				ALWAYS_SEARCH_USER_PATHS = NO;
				CLANG_ANALYZER_NONNULL = YES;
				CLANG_CXX_LANGUAGE_STANDARD = "gnu++0x";
				CLANG_CXX_LIBRARY = "libc++";
				CLANG_ENABLE_MODULES = YES;
				CLANG_ENABLE_OBJC_ARC = YES;
				CLANG_WARN_BOOL_CONVERSION = YES;
				CLANG_WARN_CONSTANT_CONVERSION = YES;
				CLANG_WARN_DIRECT_OBJC_ISA_USAGE = YES_ERROR;
				CLANG_WARN_DOCUMENTATION_COMMENTS = YES;
				CLANG_WARN_EMPTY_BODY = YES;
				CLANG_WARN_ENUM_CONVERSION = YES;
				CLANG_WARN_INFINITE_RECURSION = YES;
				CLANG_WARN_INT_CONVERSION = YES;
				CLANG_WARN_OBJC_ROOT_CLASS = YES_ERROR;
				CLANG_WARN_SUSPICIOUS_MOVE = YES;
				CLANG_WARN_UNREACHABLE_CODE = YES;
				CLANG_WARN__DUPLICATE_METHOD_MATCH = YES;
				"CODE_SIGN_IDENTITY[sdk=iphoneos*]" = "iPhone Developer";
				COPY_PHASE_STRIP = NO;
				DEBUG_INFORMATION_FORMAT = "dwarf-with-dsym";
				ENABLE_NS_ASSERTIONS = NO;
				ENABLE_STRICT_OBJC_MSGSEND = YES;
				GCC_C_LANGUAGE_STANDARD = gnu99;
				GCC_NO_COMMON_BLOCKS = YES;
				GCC_WARN_64_TO_32_BIT_CONVERSION = YES;
				GCC_WARN_ABOUT_RETURN_TYPE = YES_ERROR;
				GCC_WARN_UNDECLARED_SELECTOR = YES;
				GCC_WARN_UNINITIALIZED_AUTOS = YES_AGGRESSIVE;
				GCC_WARN_UNUSED_FUNCTION = YES;
				GCC_WARN_UNUSED_VARIABLE = YES;
				IPHONEOS_DEPLOYMENT_TARGET = 10.2;
				MTL_ENABLE_DEBUG_INFO = NO;
				SDKROOT = iphoneos;
				TARGETED_DEVICE_FAMILY = "1,2";
				VALIDATE_PRODUCT = YES;
			};
			name = Release;
		};
		85EF00271E65E61600C84BF7 /* Debug */ = {
			isa = XCBuildConfiguration;
			buildSettings = {
				ASSETCATALOG_COMPILER_APPICON_NAME = AppIcon;
				DEVELOPMENT_TEAM = 4RM8PCALL7;
				INFOPLIST_FILE = ZHPopMenuViewDemo/Info.plist;
				LD_RUNPATH_SEARCH_PATHS = "$(inherited) @executable_path/Frameworks";
				PRODUCT_BUNDLE_IDENTIFIER = zh.ZHPopMenuViewDemo;
				PRODUCT_NAME = "$(TARGET_NAME)";
			};
			name = Debug;
		};
		85EF00281E65E61600C84BF7 /* Release */ = {
			isa = XCBuildConfiguration;
			buildSettings = {
				ASSETCATALOG_COMPILER_APPICON_NAME = AppIcon;
				DEVELOPMENT_TEAM = 4RM8PCALL7;
				INFOPLIST_FILE = ZHPopMenuViewDemo/Info.plist;
				LD_RUNPATH_SEARCH_PATHS = "$(inherited) @executable_path/Frameworks";
				PRODUCT_BUNDLE_IDENTIFIER = zh.ZHPopMenuViewDemo;
				PRODUCT_NAME = "$(TARGET_NAME)";
			};
			name = Release;
		};
		85EF002A1E65E61600C84BF7 /* Debug */ = {
			isa = XCBuildConfiguration;
			buildSettings = {
				BUNDLE_LOADER = "$(TEST_HOST)";
				DEVELOPMENT_TEAM = 4RM8PCALL7;
				INFOPLIST_FILE = ZHPopMenuViewDemoTests/Info.plist;
				LD_RUNPATH_SEARCH_PATHS = "$(inherited) @executable_path/Frameworks @loader_path/Frameworks";
				PRODUCT_BUNDLE_IDENTIFIER = zh.ZHPopMenuViewDemoTests;
				PRODUCT_NAME = "$(TARGET_NAME)";
				TEST_HOST = "$(BUILT_PRODUCTS_DIR)/ZHPopMenuViewDemo.app/ZHPopMenuViewDemo";
			};
			name = Debug;
		};
		85EF002B1E65E61600C84BF7 /* Release */ = {
			isa = XCBuildConfiguration;
			buildSettings = {
				BUNDLE_LOADER = "$(TEST_HOST)";
				DEVELOPMENT_TEAM = 4RM8PCALL7;
				INFOPLIST_FILE = ZHPopMenuViewDemoTests/Info.plist;
				LD_RUNPATH_SEARCH_PATHS = "$(inherited) @executable_path/Frameworks @loader_path/Frameworks";
				PRODUCT_BUNDLE_IDENTIFIER = zh.ZHPopMenuViewDemoTests;
				PRODUCT_NAME = "$(TARGET_NAME)";
				TEST_HOST = "$(BUILT_PRODUCTS_DIR)/ZHPopMenuViewDemo.app/ZHPopMenuViewDemo";
			};
			name = Release;
		};
		85EF002D1E65E61600C84BF7 /* Debug */ = {
			isa = XCBuildConfiguration;
			buildSettings = {
				DEVELOPMENT_TEAM = 4RM8PCALL7;
				INFOPLIST_FILE = ZHPopMenuViewDemoUITests/Info.plist;
				LD_RUNPATH_SEARCH_PATHS = "$(inherited) @executable_path/Frameworks @loader_path/Frameworks";
				PRODUCT_BUNDLE_IDENTIFIER = zh.ZHPopMenuViewDemoUITests;
				PRODUCT_NAME = "$(TARGET_NAME)";
				TEST_TARGET_NAME = ZHPopMenuViewDemo;
			};
			name = Debug;
		};
		85EF002E1E65E61600C84BF7 /* Release */ = {
			isa = XCBuildConfiguration;
			buildSettings = {
				DEVELOPMENT_TEAM = 4RM8PCALL7;
				INFOPLIST_FILE = ZHPopMenuViewDemoUITests/Info.plist;
				LD_RUNPATH_SEARCH_PATHS = "$(inherited) @executable_path/Frameworks @loader_path/Frameworks";
				PRODUCT_BUNDLE_IDENTIFIER = zh.ZHPopMenuViewDemoUITests;
				PRODUCT_NAME = "$(TARGET_NAME)";
				TEST_TARGET_NAME = ZHPopMenuViewDemo;
			};
			name = Release;
		};
/* End XCBuildConfiguration section */

/* Begin XCConfigurationList section */
		85EF00261E65E61600C84BF7 /* Build configuration list for PBXNativeTarget "ZHPopMenuViewDemo" */ = {
			isa = XCConfigurationList;
			buildConfigurations = (
				85EF00271E65E61600C84BF7 /* Debug */,
				85EF00281E65E61600C84BF7 /* Release */,
			);
			defaultConfigurationIsVisible = 0;
			defaultConfigurationName = Release;
		};
		85EF00291E65E61600C84BF7 /* Build configuration list for PBXNativeTarget "ZHPopMenuViewDemoTests" */ = {
			isa = XCConfigurationList;
			buildConfigurations = (
				85EF002A1E65E61600C84BF7 /* Debug */,
				85EF002B1E65E61600C84BF7 /* Release */,
			);
			defaultConfigurationIsVisible = 0;
			defaultConfigurationName = Release;
		};
		85EF002C1E65E61600C84BF7 /* Build configuration list for PBXNativeTarget "ZHPopMenuViewDemoUITests" */ = {
			isa = XCConfigurationList;
			buildConfigurations = (
				85EF002D1E65E61600C84BF7 /* Debug */,
				85EF002E1E65E61600C84BF7 /* Release */,
			);
			defaultConfigurationIsVisible = 0;
			defaultConfigurationName = Release;
		};
		85EFFFF41E65E61600C84BF7 /* Build configuration list for PBXProject "ZHPopMenuViewDemo" */ = {
			isa = XCConfigurationList;
			buildConfigurations = (
				85EF00241E65E61600C84BF7 /* Debug */,
				85EF00251E65E61600C84BF7 /* Release */,
			);
			defaultConfigurationIsVisible = 0;
			defaultConfigurationName = Release;
		};
/* End XCConfigurationList section */
	};
	rootObject = 85EFFFF11E65E61600C84BF7 /* Project object */;
}
